
Microsoft Visual Studio Solution File, Format Version 12.00
# Visual Studio 14
VisualStudioVersion = 14.0.25420.1
MinimumVisualStudioVersion = 10.0.40219.1
Project("{FAE04EC0-301F-11D3-BF4B-00C04F79EFBC}") = "QLCF", "QLCF\QLCF.csproj", "{E9C7D2AB-06AB-43E0-BF86-3742CF0D03F3}"
EndProject
Project("{FAE04EC0-301F-11D3-BF4B-00C04F79EFBC}") = "DataAccessLayer", "DataAccessLayer\DataAccessLayer.csproj", "{2FBAB44F-FEBD-4941-A9DD-BE3D4FE5ACD3}"
EndProject
Project("{FAE04EC0-301F-11D3-BF4B-00C04F79EFBC}") = "BusinessLogicLayer", "BusinessLogicLayer\BusinessLogicLayer.csproj", "{93A572E5-C339-4AC2-9430-E6E6A7DC7A56}"
EndProject
Global
	GlobalSection(SolutionConfigurationPlatforms) = preSolution
		Debug|Any CPU = Debug|Any CPU
		Release|Any CPU = Release|Any CPU
	EndGlobalSection
	GlobalSection(ProjectConfigurationPlatforms) = postSolution
		{E9C7D2AB-06AB-43E0-BF86-3742CF0D03F3}.Debug|Any CPU.ActiveCfg = Debug|Any CPU
		{E9C7D2AB-06AB-43E0-BF86-3742CF0D03F3}.Debug|Any CPU.Build.0 = Debug|Any CPU
		{E9C7D2AB-06AB-43E0-BF86-3742CF0D03F3}.Release|Any CPU.ActiveCfg = Release|Any CPU
		{E9C7D2AB-06AB-43E0-BF86-3742CF0D03F3}.Release|Any CPU.Build.0 = Release|Any CPU
		{2FBAB44F-FEBD-4941-A9DD-BE3D4FE5ACD3}.Debug|Any CPU.ActiveCfg = Debug|Any CPU
		{2FBAB44F-FEBD-4941-A9DD-BE3D4FE5ACD3}.Debug|Any CPU.Build.0 = Debug|Any CPU
		{2FBAB44F-FEBD-4941-A9DD-BE3D4FE5ACD3}.Release|Any CPU.ActiveCfg = Release|Any CPU
		{2FBAB44F-FEBD-4941-A9DD-BE3D4FE5ACD3}.Release|Any CPU.Build.0 = Release|Any CPU
		{93A572E5-C339-4AC2-9430-E6E6A7DC7A56}.Debug|Any CPU.ActiveCfg = Debug|Any CPU
		{93A572E5-C339-4AC2-9430-E6E6A7DC7A56}.Debug|Any CPU.Build.0 = Debug|Any CPU
		{93A572E5-C339-4AC2-9430-E6E6A7DC7A56}.Release|Any CPU.ActiveCfg = Release|Any CPU
		{93A572E5-C339-4AC2-9430-E6E6A7DC7A56}.Release|Any CPU.Build.0 = Release|Any CPU
	EndGlobalSection
	GlobalSection(SolutionProperties) = preSolution
		HideSolutionNode = FALSE
	EndGlobalSection
EndGlobal
